// !$*UTF8*$!
{
	archiveVersion = 1;
	classes = {
	};
	objectVersion = 46;
	objects = {

/* Begin PBXBuildFile section */
		44A60A721990ED45004A90CF /* Desert.jpg in Resources */ = {isa = PBXBuildFile; fileRef = 44A60A711990ED45004A90CF /* Desert.jpg */; };
		44BCF2EE198D0C6100D4881B /* Foundation.framework in Frameworks */ = {isa = PBXBuildFile; fileRef = 44BCF2ED198D0C6100D4881B /* Foundation.framework */; };
		44BCF2F0198D0C6100D4881B /* CoreGraphics.framework in Frameworks */ = {isa = PBXBuildFile; fileRef = 44BCF2EF198D0C6100D4881B /* CoreGraphics.framework */; };
		44BCF2F2198D0C6100D4881B /* UIKit.framework in Frameworks */ = {isa = PBXBuildFile; fileRef = 44BCF2F1198D0C6100D4881B /* UIKit.framework */; };
		44BCF2F8198D0C6100D4881B /* InfoPlist.strings in Resources */ = {isa = PBXBuildFile; fileRef = 44BCF2F6198D0C6100D4881B /* InfoPlist.strings */; };
		44BCF2FA198D0C6100D4881B /* main.m in Sources */ = {isa = PBXBuildFile; fileRef = 44BCF2F9198D0C6100D4881B /* main.m */; };
		44BCF2FE198D0C6100D4881B /* AppDelegate.m in Sources */ = {isa = PBXBuildFile; fileRef = 44BCF2FD198D0C6100D4881B /* AppDelegate.m */; };
		44BCF301198D0C6100D4881B /* Main_iPhone.storyboard in Resources */ = {isa = PBXBuildFile; fileRef = 44BCF2FF198D0C6100D4881B /* Main_iPhone.storyboard */; };
		44BCF304198D0C6100D4881B /* Main_iPad.storyboard in Resources */ = {isa = PBXBuildFile; fileRef = 44BCF302198D0C6100D4881B /* Main_iPad.storyboard */; };
		44BCF307198D0C6100D4881B /* ViewController.m in Sources */ = {isa = PBXBuildFile; fileRef = 44BCF306198D0C6100D4881B /* ViewController.m */; };
		44BCF309198D0C6100D4881B /* Images.xcassets in Resources */ = {isa = PBXBuildFile; fileRef = 44BCF308198D0C6100D4881B /* Images.xcassets */; };
		44BCF310198D0C6100D4881B /* XCTest.framework in Frameworks */ = {isa = PBXBuildFile; fileRef = 44BCF30F198D0C6100D4881B /* XCTest.framework */; };
		44BCF311198D0C6100D4881B /* Foundation.framework in Frameworks */ = {isa = PBXBuildFile; fileRef = 44BCF2ED198D0C6100D4881B /* Foundation.framework */; };
		44BCF312198D0C6100D4881B /* UIKit.framework in Frameworks */ = {isa = PBXBuildFile; fileRef = 44BCF2F1198D0C6100D4881B /* UIKit.framework */; };
		44BCF31A198D0C6100D4881B /* InfoPlist.strings in Resources */ = {isa = PBXBuildFile; fileRef = 44BCF318198D0C6100D4881B /* InfoPlist.strings */; };
		44BCF31C198D0C6100D4881B /* Image_ResizingTests.m in Sources */ = {isa = PBXBuildFile; fileRef = 44BCF31B198D0C6100D4881B /* Image_ResizingTests.m */; };
		44BCF32B198D0E4300D4881B /* Algorithm.m in Sources */ = {isa = PBXBuildFile; fileRef = 44BCF32A198D0E4300D4881B /* Algorithm.m */; };
		44EA51C31996D804005E359B /* MainViewController.m in Sources */ = {isa = PBXBuildFile; fileRef = 44EA51C21996D804005E359B /* MainViewController.m */; };
		44ED9DC41998244600A770BA /* SaliencyFilter.m in Sources */ = {isa = PBXBuildFile; fileRef = 44ED9DC31998244600A770BA /* SaliencyFilter.m */; };
		44ED9DC7199828FD00A770BA /* GPUImageSobelEdgeDetectionSaliencyFilter.m in Sources */ = {isa = PBXBuildFile; fileRef = 44ED9DC6199828FD00A770BA /* GPUImageSobelEdgeDetectionSaliencyFilter.m */; };
		44EDA28A199903AC00A770BA /* libGPUImage.a in Frameworks */ = {isa = PBXBuildFile; fileRef = 44EDA2851999039900A770BA /* libGPUImage.a */; };
		E965840E19903B5800317181 /* opencv2.framework in Frameworks */ = {isa = PBXBuildFile; fileRef = E965840D19903B5800317181 /* opencv2.framework */; };
		E965840F19903B5800317181 /* opencv2.framework in Frameworks */ = {isa = PBXBuildFile; fileRef = E965840D19903B5800317181 /* opencv2.framework */; };
/* End PBXBuildFile section */

/* Begin PBXContainerItemProxy section */
		44BCF313198D0C6100D4881B /* PBXContainerItemProxy */ = {
			isa = PBXContainerItemProxy;
			containerPortal = 44BCF2E2198D0C6100D4881B /* Project object */;
			proxyType = 1;
			remoteGlobalIDString = 44BCF2E9198D0C6100D4881B;
			remoteInfo = "Image Resizing";
		};
		44EDA2841999039900A770BA /* PBXContainerItemProxy */ = {
			isa = PBXContainerItemProxy;
			containerPortal = 44EDA27E1999039900A770BA /* GPUImage.xcodeproj */;
			proxyType = 2;
			remoteGlobalIDString = BCF1A33414DDB1EC00852800;
			remoteInfo = GPUImage;
		};
		44EDA2861999039900A770BA /* PBXContainerItemProxy */ = {
			isa = PBXContainerItemProxy;
			containerPortal = 44EDA27E1999039900A770BA /* GPUImage.xcodeproj */;
			proxyType = 2;
			remoteGlobalIDString = BCE209E51943F20C002FEED8;
			remoteInfo = GPUImageFramework;
		};
		44EDA288199903A700A770BA /* PBXContainerItemProxy */ = {
			isa = PBXContainerItemProxy;
			containerPortal = 44EDA27E1999039900A770BA /* GPUImage.xcodeproj */;
			proxyType = 1;
			remoteGlobalIDString = BCF1A33314DDB1EC00852800;
			remoteInfo = GPUImage;
		};
/* End PBXContainerItemProxy section */

/* Begin PBXFileReference section */
		44A60A711990ED45004A90CF /* Desert.jpg */ = {isa = PBXFileReference; lastKnownFileType = image.jpeg; path = Desert.jpg; sourceTree = "<group>"; };
		44BCF2EA198D0C6100D4881B /* Image Resizing.app */ = {isa = PBXFileReference; explicitFileType = wrapper.application; includeInIndex = 0; path = "Image Resizing.app"; sourceTree = BUILT_PRODUCTS_DIR; };
		44BCF2ED198D0C6100D4881B /* Foundation.framework */ = {isa = PBXFileReference; lastKnownFileType = wrapper.framework; name = Foundation.framework; path = System/Library/Frameworks/Foundation.framework; sourceTree = SDKROOT; };
		44BCF2EF198D0C6100D4881B /* CoreGraphics.framework */ = {isa = PBXFileReference; lastKnownFileType = wrapper.framework; name = CoreGraphics.framework; path = System/Library/Frameworks/CoreGraphics.framework; sourceTree = SDKROOT; };
		44BCF2F1198D0C6100D4881B /* UIKit.framework */ = {isa = PBXFileReference; lastKnownFileType = wrapper.framework; name = UIKit.framework; path = System/Library/Frameworks/UIKit.framework; sourceTree = SDKROOT; };
		44BCF2F5198D0C6100D4881B /* Image Resizing-Info.plist */ = {isa = PBXFileReference; lastKnownFileType = text.plist.xml; path = "Image Resizing-Info.plist"; sourceTree = "<group>"; };
		44BCF2F7198D0C6100D4881B /* en */ = {isa = PBXFileReference; lastKnownFileType = text.plist.strings; name = en; path = en.lproj/InfoPlist.strings; sourceTree = "<group>"; };
		44BCF2F9198D0C6100D4881B /* main.m */ = {isa = PBXFileReference; lastKnownFileType = sourcecode.c.objc; path = main.m; sourceTree = "<group>"; };
		44BCF2FB198D0C6100D4881B /* Image Resizing-Prefix.pch */ = {isa = PBXFileReference; lastKnownFileType = sourcecode.c.h; path = "Image Resizing-Prefix.pch"; sourceTree = "<group>"; };
		44BCF2FC198D0C6100D4881B /* AppDelegate.h */ = {isa = PBXFileReference; lastKnownFileType = sourcecode.c.h; path = AppDelegate.h; sourceTree = "<group>"; };
		44BCF2FD198D0C6100D4881B /* AppDelegate.m */ = {isa = PBXFileReference; lastKnownFileType = sourcecode.c.objc; path = AppDelegate.m; sourceTree = "<group>"; };
		44BCF300198D0C6100D4881B /* Base */ = {isa = PBXFileReference; lastKnownFileType = file.storyboard; name = Base; path = Base.lproj/Main_iPhone.storyboard; sourceTree = "<group>"; };
		44BCF303198D0C6100D4881B /* Base */ = {isa = PBXFileReference; lastKnownFileType = file.storyboard; name = Base; path = Base.lproj/Main_iPad.storyboard; sourceTree = "<group>"; };
		44BCF305198D0C6100D4881B /* ViewController.h */ = {isa = PBXFileReference; lastKnownFileType = sourcecode.c.h; path = ViewController.h; sourceTree = "<group>"; };
		44BCF306198D0C6100D4881B /* ViewController.m */ = {isa = PBXFileReference; lastKnownFileType = sourcecode.c.objc; path = ViewController.m; sourceTree = "<group>"; };
		44BCF308198D0C6100D4881B /* Images.xcassets */ = {isa = PBXFileReference; lastKnownFileType = folder.assetcatalog; path = Images.xcassets; sourceTree = "<group>"; };
		44BCF30E198D0C6100D4881B /* Image ResizingTests.xctest */ = {isa = PBXFileReference; explicitFileType = wrapper.cfbundle; includeInIndex = 0; path = "Image ResizingTests.xctest"; sourceTree = BUILT_PRODUCTS_DIR; };
		44BCF30F198D0C6100D4881B /* XCTest.framework */ = {isa = PBXFileReference; lastKnownFileType = wrapper.framework; name = XCTest.framework; path = Library/Frameworks/XCTest.framework; sourceTree = DEVELOPER_DIR; };
		44BCF317198D0C6100D4881B /* Image ResizingTests-Info.plist */ = {isa = PBXFileReference; lastKnownFileType = text.plist.xml; path = "Image ResizingTests-Info.plist"; sourceTree = "<group>"; };
		44BCF319198D0C6100D4881B /* en */ = {isa = PBXFileReference; lastKnownFileType = text.plist.strings; name = en; path = en.lproj/InfoPlist.strings; sourceTree = "<group>"; };
		44BCF31B198D0C6100D4881B /* Image_ResizingTests.m */ = {isa = PBXFileReference; lastKnownFileType = sourcecode.c.objc; path = Image_ResizingTests.m; sourceTree = "<group>"; };
		44BCF327198D0E0400D4881B /* v1_0.m */ = {isa = PBXFileReference; fileEncoding = 4; lastKnownFileType = sourcecode.c.objc; path = v1_0.m; sourceTree = "<group>"; };
		44BCF329198D0E4300D4881B /* Algorithm.h */ = {isa = PBXFileReference; fileEncoding = 4; lastKnownFileType = sourcecode.c.h; path = Algorithm.h; sourceTree = "<group>"; };
		44BCF32A198D0E4300D4881B /* Algorithm.m */ = {isa = PBXFileReference; fileEncoding = 4; lastKnownFileType = sourcecode.c.objc; path = Algorithm.m; sourceTree = "<group>"; };
		44EA51C11996D804005E359B /* MainViewController.h */ = {isa = PBXFileReference; fileEncoding = 4; lastKnownFileType = sourcecode.c.h; path = MainViewController.h; sourceTree = "<group>"; };
		44EA51C21996D804005E359B /* MainViewController.m */ = {isa = PBXFileReference; fileEncoding = 4; lastKnownFileType = sourcecode.c.objc; path = MainViewController.m; sourceTree = "<group>"; };
		44ED9DC21998244500A770BA /* SaliencyFilter.h */ = {isa = PBXFileReference; fileEncoding = 4; lastKnownFileType = sourcecode.c.h; path = SaliencyFilter.h; sourceTree = "<group>"; };
		44ED9DC31998244600A770BA /* SaliencyFilter.m */ = {isa = PBXFileReference; fileEncoding = 4; lastKnownFileType = sourcecode.c.objc; path = SaliencyFilter.m; sourceTree = "<group>"; };
		44ED9DC5199828FD00A770BA /* GPUImageSobelEdgeDetectionSaliencyFilter.h */ = {isa = PBXFileReference; fileEncoding = 4; lastKnownFileType = sourcecode.c.h; path = GPUImageSobelEdgeDetectionSaliencyFilter.h; sourceTree = "<group>"; };
		44ED9DC6199828FD00A770BA /* GPUImageSobelEdgeDetectionSaliencyFilter.m */ = {isa = PBXFileReference; fileEncoding = 4; lastKnownFileType = sourcecode.c.objc; path = GPUImageSobelEdgeDetectionSaliencyFilter.m; sourceTree = "<group>"; };
		44EDA27E1999039900A770BA /* GPUImage.xcodeproj */ = {isa = PBXFileReference; lastKnownFileType = "wrapper.pb-project"; name = GPUImage.xcodeproj; path = GPUImage/framework/GPUImage.xcodeproj; sourceTree = "<group>"; };
		E92E38BD199BDD9300639F8D /* cvxgen.xcodeproj */ = {isa = PBXFileReference; lastKnownFileType = "wrapper.pb-project"; name = cvxgen.xcodeproj; path = ../../Downloads/cvxgen/cvxgen.xcodeproj; sourceTree = "<group>"; };
		E965840D19903B5800317181 /* opencv2.framework */ = {isa = PBXFileReference; lastKnownFileType = wrapper.framework; path = opencv2.framework; sourceTree = "<group>"; };
/* End PBXFileReference section */

/* Begin PBXFrameworksBuildPhase section */
		44BCF2E7198D0C6100D4881B /* Frameworks */ = {
			isa = PBXFrameworksBuildPhase;
			buildActionMask = 2147483647;
			files = (
				44EDA28A199903AC00A770BA /* libGPUImage.a in Frameworks */,
				44BCF2F0198D0C6100D4881B /* CoreGraphics.framework in Frameworks */,
				44BCF2F2198D0C6100D4881B /* UIKit.framework in Frameworks */,
				E965840E19903B5800317181 /* opencv2.framework in Frameworks */,
				44BCF2EE198D0C6100D4881B /* Foundation.framework in Frameworks */,
			);
			runOnlyForDeploymentPostprocessing = 0;
		};
		44BCF30B198D0C6100D4881B /* Frameworks */ = {
			isa = PBXFrameworksBuildPhase;
			buildActionMask = 2147483647;
			files = (
				44BCF310198D0C6100D4881B /* XCTest.framework in Frameworks */,
				44BCF312198D0C6100D4881B /* UIKit.framework in Frameworks */,
				E965840F19903B5800317181 /* opencv2.framework in Frameworks */,
				44BCF311198D0C6100D4881B /* Foundation.framework in Frameworks */,
			);
			runOnlyForDeploymentPostprocessing = 0;
		};
/* End PBXFrameworksBuildPhase section */

/* Begin PBXGroup section */
		44BCF2E1198D0C6100D4881B = {
			isa = PBXGroup;
			children = (
				E92E38BD199BDD9300639F8D /* cvxgen.xcodeproj */,
				44EDA27E1999039900A770BA /* GPUImage.xcodeproj */,
				44BCF2F3198D0C6100D4881B /* Image Resizing */,
				44BCF315198D0C6100D4881B /* Image ResizingTests */,
				44BCF2EC198D0C6100D4881B /* Frameworks */,
				44BCF2EB198D0C6100D4881B /* Products */,
			);
			sourceTree = "<group>";
		};
		44BCF2EB198D0C6100D4881B /* Products */ = {
			isa = PBXGroup;
			children = (
				44BCF2EA198D0C6100D4881B /* Image Resizing.app */,
				44BCF30E198D0C6100D4881B /* Image ResizingTests.xctest */,
			);
			name = Products;
			sourceTree = "<group>";
		};
		44BCF2EC198D0C6100D4881B /* Frameworks */ = {
			isa = PBXGroup;
			children = (
				E965840D19903B5800317181 /* opencv2.framework */,
				44BCF2ED198D0C6100D4881B /* Foundation.framework */,
				44BCF2EF198D0C6100D4881B /* CoreGraphics.framework */,
				44BCF2F1198D0C6100D4881B /* UIKit.framework */,
				44BCF30F198D0C6100D4881B /* XCTest.framework */,
			);
			name = Frameworks;
			sourceTree = "<group>";
		};
		44BCF2F3198D0C6100D4881B /* Image Resizing */ = {
			isa = PBXGroup;
			children = (
				44BCF2FC198D0C6100D4881B /* AppDelegate.h */,
				44BCF2FD198D0C6100D4881B /* AppDelegate.m */,
				44BCF2FF198D0C6100D4881B /* Main_iPhone.storyboard */,
				44BCF302198D0C6100D4881B /* Main_iPad.storyboard */,
				44BCF325198D0D4600D4881B /* View Controllers */,
				44BCF308198D0C6100D4881B /* Images.xcassets */,
				44BCF326198D0D5400D4881B /* Model */,
				44BCF2F4198D0C6100D4881B /* Supporting Files */,
			);
			path = "Image Resizing";
			sourceTree = "<group>";
		};
		44BCF2F4198D0C6100D4881B /* Supporting Files */ = {
			isa = PBXGroup;
			children = (
				44A60A711990ED45004A90CF /* Desert.jpg */,
				44BCF327198D0E0400D4881B /* v1_0.m */,
				44BCF2F5198D0C6100D4881B /* Image Resizing-Info.plist */,
				44BCF2F6198D0C6100D4881B /* InfoPlist.strings */,
				44BCF2F9198D0C6100D4881B /* main.m */,
				44BCF2FB198D0C6100D4881B /* Image Resizing-Prefix.pch */,
			);
			name = "Supporting Files";
			sourceTree = "<group>";
		};
		44BCF315198D0C6100D4881B /* Image ResizingTests */ = {
			isa = PBXGroup;
			children = (
				44BCF31B198D0C6100D4881B /* Image_ResizingTests.m */,
				44BCF316198D0C6100D4881B /* Supporting Files */,
			);
			path = "Image ResizingTests";
			sourceTree = "<group>";
		};
		44BCF316198D0C6100D4881B /* Supporting Files */ = {
			isa = PBXGroup;
			children = (
				44BCF317198D0C6100D4881B /* Image ResizingTests-Info.plist */,
				44BCF318198D0C6100D4881B /* InfoPlist.strings */,
			);
			name = "Supporting Files";
			sourceTree = "<group>";
		};
		44BCF325198D0D4600D4881B /* View Controllers */ = {
			isa = PBXGroup;
			children = (
				44BCF305198D0C6100D4881B /* ViewController.h */,
				44BCF306198D0C6100D4881B /* ViewController.m */,
				44EA51C11996D804005E359B /* MainViewController.h */,
				44EA51C21996D804005E359B /* MainViewController.m */,
			);
			name = "View Controllers";
			sourceTree = "<group>";
		};
		44BCF326198D0D5400D4881B /* Model */ = {
			isa = PBXGroup;
			children = (
				44BCF329198D0E4300D4881B /* Algorithm.h */,
				44BCF32A198D0E4300D4881B /* Algorithm.m */,
				44ED9DC21998244500A770BA /* SaliencyFilter.h */,
				44ED9DC31998244600A770BA /* SaliencyFilter.m */,
				44ED9DC5199828FD00A770BA /* GPUImageSobelEdgeDetectionSaliencyFilter.h */,
				44ED9DC6199828FD00A770BA /* GPUImageSobelEdgeDetectionSaliencyFilter.m */,
			);
			name = Model;
			sourceTree = "<group>";
		};
		44EDA27F1999039900A770BA /* Products */ = {
			isa = PBXGroup;
			children = (
				44EDA2851999039900A770BA /* libGPUImage.a */,
				44EDA2871999039900A770BA /* GPUImage.framework */,
			);
			name = Products;
			sourceTree = "<group>";
		};
		E92E38BE199BDD9300639F8D /* Products */ = {
			isa = PBXGroup;
			children = (
			);
			name = Products;
			sourceTree = "<group>";
		};
/* End PBXGroup section */

/* Begin PBXNativeTarget section */
		44BCF2E9198D0C6100D4881B /* Image Resizing */ = {
			isa = PBXNativeTarget;
			buildConfigurationList = 44BCF31F198D0C6100D4881B /* Build configuration list for PBXNativeTarget "Image Resizing" */;
			buildPhases = (
				44BCF2E6198D0C6100D4881B /* Sources */,
				44BCF2E7198D0C6100D4881B /* Frameworks */,
				44BCF2E8198D0C6100D4881B /* Resources */,
			);
			buildRules = (
			);
			dependencies = (
				44EDA289199903A700A770BA /* PBXTargetDependency */,
			);
			name = "Image Resizing";
			productName = "Image Resizing";
			productReference = 44BCF2EA198D0C6100D4881B /* Image Resizing.app */;
			productType = "com.apple.product-type.application";
		};
		44BCF30D198D0C6100D4881B /* Image ResizingTests */ = {
			isa = PBXNativeTarget;
			buildConfigurationList = 44BCF322198D0C6100D4881B /* Build configuration list for PBXNativeTarget "Image ResizingTests" */;
			buildPhases = (
				44BCF30A198D0C6100D4881B /* Sources */,
				44BCF30B198D0C6100D4881B /* Frameworks */,
				44BCF30C198D0C6100D4881B /* Resources */,
			);
			buildRules = (
			);
			dependencies = (
				44BCF314198D0C6100D4881B /* PBXTargetDependency */,
			);
			name = "Image ResizingTests";
			productName = "Image ResizingTests";
			productReference = 44BCF30E198D0C6100D4881B /* Image ResizingTests.xctest */;
			productType = "com.apple.product-type.bundle.unit-test";
		};
/* End PBXNativeTarget section */

/* Begin PBXProject section */
		44BCF2E2198D0C6100D4881B /* Project object */ = {
			isa = PBXProject;
			attributes = {
				LastUpgradeCheck = 0510;
				ORGANIZATIONNAME = "Or Maayan & Micheal Leybovich";
				TargetAttributes = {
					44BCF2E9198D0C6100D4881B = {
						DevelopmentTeam = EEUPZ849XX;
					};
					44BCF30D198D0C6100D4881B = {
						TestTargetID = 44BCF2E9198D0C6100D4881B;
					};
				};
			};
			buildConfigurationList = 44BCF2E5198D0C6100D4881B /* Build configuration list for PBXProject "Image Resizing" */;
			compatibilityVersion = "Xcode 3.2";
			developmentRegion = English;
			hasScannedForEncodings = 0;
			knownRegions = (
				en,
				Base,
			);
			mainGroup = 44BCF2E1198D0C6100D4881B;
			productRefGroup = 44BCF2EB198D0C6100D4881B /* Products */;
			projectDirPath = "";
			projectReferences = (
				{
					ProductGroup = E92E38BE199BDD9300639F8D /* Products */;
					ProjectRef = E92E38BD199BDD9300639F8D /* cvxgen.xcodeproj */;
				},
				{
					ProductGroup = 44EDA27F1999039900A770BA /* Products */;
					ProjectRef = 44EDA27E1999039900A770BA /* GPUImage.xcodeproj */;
				},
			);
			projectRoot = "";
			targets = (
				44BCF2E9198D0C6100D4881B /* Image Resizing */,
				44BCF30D198D0C6100D4881B /* Image ResizingTests */,
			);
		};
/* End PBXProject section */

/* Begin PBXReferenceProxy section */
		44EDA2851999039900A770BA /* libGPUImage.a */ = {
			isa = PBXReferenceProxy;
			fileType = archive.ar;
			path = libGPUImage.a;
			remoteRef = 44EDA2841999039900A770BA /* PBXContainerItemProxy */;
			sourceTree = BUILT_PRODUCTS_DIR;
		};
		44EDA2871999039900A770BA /* GPUImage.framework */ = {
			isa = PBXReferenceProxy;
			fileType = wrapper.framework;
			path = GPUImage.framework;
			remoteRef = 44EDA2861999039900A770BA /* PBXContainerItemProxy */;
			sourceTree = BUILT_PRODUCTS_DIR;
		};
/* End PBXReferenceProxy section */

/* Begin PBXResourcesBuildPhase section */
		44BCF2E8198D0C6100D4881B /* Resources */ = {
			isa = PBXResourcesBuildPhase;
			buildActionMask = 2147483647;
			files = (
				44BCF304198D0C6100D4881B /* Main_iPad.storyboard in Resources */,
				44A60A721990ED45004A90CF /* Desert.jpg in Resources */,
				44BCF309198D0C6100D4881B /* Images.xcassets in Resources */,
				44BCF301198D0C6100D4881B /* Main_iPhone.storyboard in Resources */,
				44BCF2F8198D0C6100D4881B /* InfoPlist.strings in Resources */,
			);
			runOnlyForDeploymentPostprocessing = 0;
		};
		44BCF30C198D0C6100D4881B /* Resources */ = {
			isa = PBXResourcesBuildPhase;
			buildActionMask = 2147483647;
			files = (
				44BCF31A198D0C6100D4881B /* InfoPlist.strings in Resources */,
			);
			runOnlyForDeploymentPostprocessing = 0;
		};
/* End PBXResourcesBuildPhase section */

/* Begin PBXSourcesBuildPhase section */
		44BCF2E6198D0C6100D4881B /* Sources */ = {
			isa = PBXSourcesBuildPhase;
			buildActionMask = 2147483647;
			files = (
				44BCF32B198D0E4300D4881B /* Algorithm.m in Sources */,
				44ED9DC41998244600A770BA /* SaliencyFilter.m in Sources */,
				44BCF307198D0C6100D4881B /* ViewController.m in Sources */,
				44ED9DC7199828FD00A770BA /* GPUImageSobelEdgeDetectionSaliencyFilter.m in Sources */,
				44BCF2FE198D0C6100D4881B /* AppDelegate.m in Sources */,
				44EA51C31996D804005E359B /* MainViewController.m in Sources */,
				44BCF2FA198D0C6100D4881B /* main.m in Sources */,
			);
			runOnlyForDeploymentPostprocessing = 0;
		};
		44BCF30A198D0C6100D4881B /* Sources */ = {
			isa = PBXSourcesBuildPhase;
			buildActionMask = 2147483647;
			files = (
				44BCF31C198D0C6100D4881B /* Image_ResizingTests.m in Sources */,
			);
			runOnlyForDeploymentPostprocessing = 0;
		};
/* End PBXSourcesBuildPhase section */

/* Begin PBXTargetDependency section */
		44BCF314198D0C6100D4881B /* PBXTargetDependency */ = {
			isa = PBXTargetDependency;
			target = 44BCF2E9198D0C6100D4881B /* Image Resizing */;
			targetProxy = 44BCF313198D0C6100D4881B /* PBXContainerItemProxy */;
		};
		44EDA289199903A700A770BA /* PBXTargetDependency */ = {
			isa = PBXTargetDependency;
			name = GPUImage;
			targetProxy = 44EDA288199903A700A770BA /* PBXContainerItemProxy */;
		};
/* End PBXTargetDependency section */

/* Begin PBXVariantGroup section */
		44BCF2F6198D0C6100D4881B /* InfoPlist.strings */ = {
			isa = PBXVariantGroup;
			children = (
				44BCF2F7198D0C6100D4881B /* en */,
			);
			name = InfoPlist.strings;
			sourceTree = "<group>";
		};
		44BCF2FF198D0C6100D4881B /* Main_iPhone.storyboard */ = {
			isa = PBXVariantGroup;
			children = (
				44BCF300198D0C6100D4881B /* Base */,
			);
			name = Main_iPhone.storyboard;
			sourceTree = "<group>";
		};
		44BCF302198D0C6100D4881B /* Main_iPad.storyboard */ = {
			isa = PBXVariantGroup;
			children = (
				44BCF303198D0C6100D4881B /* Base */,
			);
			name = Main_iPad.storyboard;
			sourceTree = "<group>";
		};
		44BCF318198D0C6100D4881B /* InfoPlist.strings */ = {
			isa = PBXVariantGroup;
			children = (
				44BCF319198D0C6100D4881B /* en */,
			);
			name = InfoPlist.strings;
			sourceTree = "<group>";
		};
/* End PBXVariantGroup section */

/* Begin XCBuildConfiguration section */
		44BCF31D198D0C6100D4881B /* Debug */ = {
			isa = XCBuildConfiguration;
			buildSettings = {
				ALWAYS_SEARCH_USER_PATHS = NO;
				CLANG_CXX_LANGUAGE_STANDARD = "gnu++0x";
				CLANG_CXX_LIBRARY = "libc++";
				CLANG_ENABLE_MODULES = YES;
				CLANG_ENABLE_OBJC_ARC = YES;
				CLANG_WARN_BOOL_CONVERSION = YES;
				CLANG_WARN_CONSTANT_CONVERSION = YES;
				CLANG_WARN_DIRECT_OBJC_ISA_USAGE = YES_ERROR;
				CLANG_WARN_EMPTY_BODY = YES;
				CLANG_WARN_ENUM_CONVERSION = YES;
				CLANG_WARN_INT_CONVERSION = YES;
				CLANG_WARN_OBJC_ROOT_CLASS = YES_ERROR;
				CLANG_WARN__DUPLICATE_METHOD_MATCH = YES;
				"CODE_SIGN_IDENTITY[sdk=iphoneos*]" = "iPhone Developer";
				COPY_PHASE_STRIP = NO;
				GCC_C_LANGUAGE_STANDARD = gnu99;
				GCC_DYNAMIC_NO_PIC = NO;
				GCC_OPTIMIZATION_LEVEL = 0;
				GCC_PREPROCESSOR_DEFINITIONS = (
					"DEBUG=1",
					"$(inherited)",
				);
				GCC_SYMBOLS_PRIVATE_EXTERN = NO;
				GCC_WARN_64_TO_32_BIT_CONVERSION = YES;
				GCC_WARN_ABOUT_RETURN_TYPE = YES_ERROR;
				GCC_WARN_UNDECLARED_SELECTOR = YES;
				GCC_WARN_UNINITIALIZED_AUTOS = YES_AGGRESSIVE;
				GCC_WARN_UNUSED_FUNCTION = YES;
				GCC_WARN_UNUSED_VARIABLE = YES;
				IPHONEOS_DEPLOYMENT_TARGET = 7.1;
				ONLY_ACTIVE_ARCH = YES;
				SDKROOT = iphoneos;
				TARGETED_DEVICE_FAMILY = "1,2";
			};
			name = Debug;
		};
		44BCF31E198D0C6100D4881B /* Release */ = {
			isa = XCBuildConfiguration;
			buildSettings = {
				ALWAYS_SEARCH_USER_PATHS = NO;
				CLANG_CXX_LANGUAGE_STANDARD = "gnu++0x";
				CLANG_CXX_LIBRARY = "libc++";
				CLANG_ENABLE_MODULES = YES;
				CLANG_ENABLE_OBJC_ARC = YES;
				CLANG_WARN_BOOL_CONVERSION = YES;
				CLANG_WARN_CONSTANT_CONVERSION = YES;
				CLANG_WARN_DIRECT_OBJC_ISA_USAGE = YES_ERROR;
				CLANG_WARN_EMPTY_BODY = YES;
				CLANG_WARN_ENUM_CONVERSION = YES;
				CLANG_WARN_INT_CONVERSION = YES;
				CLANG_WARN_OBJC_ROOT_CLASS = YES_ERROR;
				CLANG_WARN__DUPLICATE_METHOD_MATCH = YES;
				"CODE_SIGN_IDENTITY[sdk=iphoneos*]" = "iPhone Developer";
				COPY_PHASE_STRIP = YES;
				ENABLE_NS_ASSERTIONS = NO;
				GCC_C_LANGUAGE_STANDARD = gnu99;
				GCC_WARN_64_TO_32_BIT_CONVERSION = YES;
				GCC_WARN_ABOUT_RETURN_TYPE = YES_ERROR;
				GCC_WARN_UNDECLARED_SELECTOR = YES;
				GCC_WARN_UNINITIALIZED_AUTOS = YES_AGGRESSIVE;
				GCC_WARN_UNUSED_FUNCTION = YES;
				GCC_WARN_UNUSED_VARIABLE = YES;
				IPHONEOS_DEPLOYMENT_TARGET = 7.1;
				SDKROOT = iphoneos;
				TARGETED_DEVICE_FAMILY = "1,2";
				VALIDATE_PRODUCT = YES;
			};
			name = Release;
		};
		44BCF320198D0C6100D4881B /* Debug */ = {
			isa = XCBuildConfiguration;
			buildSettings = {
				ALWAYS_SEARCH_USER_PATHS = YES;
				ASSETCATALOG_COMPILER_APPICON_NAME = AppIcon;
				ASSETCATALOG_COMPILER_LAUNCHIMAGE_NAME = LaunchImage;
				CODE_SIGN_IDENTITY = "iPhone Developer";
				"CODE_SIGN_IDENTITY[sdk=iphoneos*]" = "iPhone Developer";
				FRAMEWORK_SEARCH_PATHS = "./**";
				GCC_PRECOMPILE_PREFIX_HEADER = YES;
				GCC_PREFIX_HEADER = "Image Resizing/Image Resizing-Prefix.pch";
				INFOPLIST_FILE = "Image Resizing/Image Resizing-Info.plist";
				IPHONEOS_DEPLOYMENT_TARGET = 7.0;
				OTHER_LDFLAGS = "";
				PRODUCT_NAME = "$(TARGET_NAME)";
				PROVISIONING_PROFILE = "";
				USER_HEADER_SEARCH_PATHS = "$(SRCROOT)/GPUImage/**";
				WRAPPER_EXTENSION = app;
			};
			name = Debug;
		};
		44BCF321198D0C6100D4881B /* Release */ = {
			isa = XCBuildConfiguration;
			buildSettings = {
				ALWAYS_SEARCH_USER_PATHS = YES;
				ASSETCATALOG_COMPILER_APPICON_NAME = AppIcon;
				ASSETCATALOG_COMPILER_LAUNCHIMAGE_NAME = LaunchImage;
				CODE_SIGN_IDENTITY = "iPhone Developer";
				"CODE_SIGN_IDENTITY[sdk=iphoneos*]" = "iPhone Developer";
				FRAMEWORK_SEARCH_PATHS = "./**";
				GCC_PRECOMPILE_PREFIX_HEADER = YES;
				GCC_PREFIX_HEADER = "Image Resizing/Image Resizing-Prefix.pch";
				INFOPLIST_FILE = "Image Resizing/Image Resizing-Info.plist";
				IPHONEOS_DEPLOYMENT_TARGET = 7.0;
				OTHER_LDFLAGS = "";
				PRODUCT_NAME = "$(TARGET_NAME)";
				PROVISIONING_PROFILE = "";
				USER_HEADER_SEARCH_PATHS = "$(SRCROOT)/GPUImage/**";
				WRAPPER_EXTENSION = app;
			};
			name = Release;
		};
		44BCF323198D0C6100D4881B /* Debug */ = {
			isa = XCBuildConfiguration;
			buildSettings = {
				BUNDLE_LOADER = "$(BUILT_PRODUCTS_DIR)/Image Resizing.app/Image Resizing";
				FRAMEWORK_SEARCH_PATHS = (
					"$(SDKROOT)/Developer/Library/Frameworks",
					"$(inherited)",
					"$(DEVELOPER_FRAMEWORKS_DIR)",
					"$(PROJECT_DIR)",
				);
				GCC_PRECOMPILE_PREFIX_HEADER = YES;
				GCC_PREFIX_HEADER = "Image Resizing/Image Resizing-Prefix.pch";
				GCC_PREPROCESSOR_DEFINITIONS = (
					"DEBUG=1",
					"$(inherited)",
				);
				INFOPLIST_FILE = "Image ResizingTests/Image ResizingTests-Info.plist";
				PRODUCT_NAME = "$(TARGET_NAME)";
				TEST_HOST = "$(BUNDLE_LOADER)";
				WRAPPER_EXTENSION = xctest;
			};
			name = Debug;
		};
		44BCF324198D0C6100D4881B /* Release */ = {
			isa = XCBuildConfiguration;
			buildSettings = {
				BUNDLE_LOADER = "$(BUILT_PRODUCTS_DIR)/Image Resizing.app/Image Resizing";
				FRAMEWORK_SEARCH_PATHS = (
					"$(SDKROOT)/Developer/Library/Frameworks",
					"$(inherited)",
					"$(DEVELOPER_FRAMEWORKS_DIR)",
					"$(PROJECT_DIR)",
				);
				GCC_PRECOMPILE_PREFIX_HEADER = YES;
				GCC_PREFIX_HEADER = "Image Resizing/Image Resizing-Prefix.pch";
				INFOPLIST_FILE = "Image ResizingTests/Image ResizingTests-Info.plist";
				PRODUCT_NAME = "$(TARGET_NAME)";
				TEST_HOST = "$(BUNDLE_LOADER)";
				WRAPPER_EXTENSION = xctest;
			};
			name = Release;
		};
/* End XCBuildConfiguration section */

/* Begin XCConfigurationList section */
		44BCF2E5198D0C6100D4881B /* Build configuration list for PBXProject "Image Resizing" */ = {
			isa = XCConfigurationList;
			buildConfigurations = (
				44BCF31D198D0C6100D4881B /* Debug */,
				44BCF31E198D0C6100D4881B /* Release */,
			);
			defaultConfigurationIsVisible = 0;
			defaultConfigurationName = Release;
		};
		44BCF31F198D0C6100D4881B /* Build configuration list for PBXNativeTarget "Image Resizing" */ = {
			isa = XCConfigurationList;
			buildConfigurations = (
				44BCF320198D0C6100D4881B /* Debug */,
				44BCF321198D0C6100D4881B /* Release */,
			);
			defaultConfigurationIsVisible = 0;
			defaultConfigurationName = Release;
		};
		44BCF322198D0C6100D4881B /* Build configuration list for PBXNativeTarget "Image ResizingTests" */ = {
			isa = XCConfigurationList;
			buildConfigurations = (
				44BCF323198D0C6100D4881B /* Debug */,
				44BCF324198D0C6100D4881B /* Release */,
			);
			defaultConfigurationIsVisible = 0;
			defaultConfigurationName = Release;
		};
/* End XCConfigurationList section */
	};
	rootObject = 44BCF2E2198D0C6100D4881B /* Project object */;
}
